// !$*UTF8*$!
{
	archiveVersion = 1;
	classes = {
	};
	objectVersion = 46;
	objects = {

/* Begin PBXBuildFile section */
		0F1527D71BC90A6D003F665B /* FormArtController.swift in Sources */ = {isa = PBXBuildFile; fileRef = 0F1527D61BC90A6D003F665B /* FormArtController.swift */; };
		0F1AC84A1C74A358007ECC1E /* Route.swift in Sources */ = {isa = PBXBuildFile; fileRef = 0F1AC8491C74A358007ECC1E /* Route.swift */; };
		0F1AC8521C74DB19007ECC1E /* DirectionTableCell.xib in Resources */ = {isa = PBXBuildFile; fileRef = 0F1AC8511C74DB19007ECC1E /* DirectionTableCell.xib */; };
		0F1AC8541C75C8EB007ECC1E /* TourTableCell.xib in Resources */ = {isa = PBXBuildFile; fileRef = 0F1AC8531C75C8EB007ECC1E /* TourTableCell.xib */; };
		0F23A1221BD6435200CD7435 /* Interactor.swift in Sources */ = {isa = PBXBuildFile; fileRef = 0F23A1211BD6435200CD7435 /* Interactor.swift */; };
		0F23A1241BD68FD700CD7435 /* UserController.swift in Sources */ = {isa = PBXBuildFile; fileRef = 0F23A1231BD68FD700CD7435 /* UserController.swift */; };
		0F3736B91BDE3863009A1CBB /* ReportViewController.swift in Sources */ = {isa = PBXBuildFile; fileRef = 0F3736B81BDE3863009A1CBB /* ReportViewController.swift */; };
		0F3736BB1BE12C3D009A1CBB /* AlertLauncher.swift in Sources */ = {isa = PBXBuildFile; fileRef = 0F3736BA1BE12C3C009A1CBB /* AlertLauncher.swift */; };
		0F51B89B1BCE5BCA009E0BA1 /* LoginViewController.swift in Sources */ = {isa = PBXBuildFile; fileRef = 0F51B89A1BCE5BCA009E0BA1 /* LoginViewController.swift */; };
		0F51B8A11BCE96B5009E0BA1 /* AudioToolbox.framework in Frameworks */ = {isa = PBXBuildFile; fileRef = 0F51B8A01BCE96B5009E0BA1 /* AudioToolbox.framework */; };
		0F51B8A31BCE96BD009E0BA1 /* CFNetwork.framework in Frameworks */ = {isa = PBXBuildFile; fileRef = 0F51B8A21BCE96BD009E0BA1 /* CFNetwork.framework */; };
		0F51B8A51BCE96C3009E0BA1 /* CoreGraphics.framework in Frameworks */ = {isa = PBXBuildFile; fileRef = 0F51B8A41BCE96C3009E0BA1 /* CoreGraphics.framework */; };
		0F51B8A71BCE96CD009E0BA1 /* CoreLocation.framework in Frameworks */ = {isa = PBXBuildFile; fileRef = 0F51B8A61BCE96CD009E0BA1 /* CoreLocation.framework */; };
		0F51B8A91BCE96E4009E0BA1 /* libsqlite3.tbd in Frameworks */ = {isa = PBXBuildFile; fileRef = 0F51B8A81BCE96E4009E0BA1 /* libsqlite3.tbd */; };
		0F51B8AB1BCE96F0009E0BA1 /* libz.tbd in Frameworks */ = {isa = PBXBuildFile; fileRef = 0F51B8AA1BCE96F0009E0BA1 /* libz.tbd */; };
		0F51B8AD1BCE96FA009E0BA1 /* MobileCoreServices.framework in Frameworks */ = {isa = PBXBuildFile; fileRef = 0F51B8AC1BCE96FA009E0BA1 /* MobileCoreServices.framework */; };
		0F51B8AF1BCE9703009E0BA1 /* QuartzCore.framework in Frameworks */ = {isa = PBXBuildFile; fileRef = 0F51B8AE1BCE9703009E0BA1 /* QuartzCore.framework */; };
		0F51B8B11BCE970B009E0BA1 /* Security.framework in Frameworks */ = {isa = PBXBuildFile; fileRef = 0F51B8B01BCE970B009E0BA1 /* Security.framework */; };
		0F51B8B31BCE9713009E0BA1 /* StoreKit.framework in Frameworks */ = {isa = PBXBuildFile; fileRef = 0F51B8B21BCE9713009E0BA1 /* StoreKit.framework */; };
		0F51B8B51BCE9725009E0BA1 /* SystemConfiguration.framework in Frameworks */ = {isa = PBXBuildFile; fileRef = 0F51B8B41BCE9725009E0BA1 /* SystemConfiguration.framework */; };
		0F5326A51C0076E900508A7A /* PrivacyController.swift in Sources */ = {isa = PBXBuildFile; fileRef = 0F5326A41C0076E900508A7A /* PrivacyController.swift */; };
		0F58495C1BCD4C7E00BAA982 /* User.swift in Sources */ = {isa = PBXBuildFile; fileRef = 0F58495B1BCD4C7E00BAA982 /* User.swift */; };
		0F67F5A71C7357EB00956AFF /* Step.swift in Sources */ = {isa = PBXBuildFile; fileRef = 0F67F5A61C7357EB00956AFF /* Step.swift */; };
		0F67F5A91C735A3E00956AFF /* Tour.swift in Sources */ = {isa = PBXBuildFile; fileRef = 0F67F5A81C735A3E00956AFF /* Tour.swift */; };
		0FA4FB3D1BE234F400BAFCEF /* Parse.framework in Frameworks */ = {isa = PBXBuildFile; fileRef = 0FA4FB3C1BE234F400BAFCEF /* Parse.framework */; };
		0FA4FB3F1BE2350000BAFCEF /* Bolts.framework in Frameworks */ = {isa = PBXBuildFile; fileRef = 0FA4FB3E1BE2350000BAFCEF /* Bolts.framework */; };
		0FA4FB411BE2353100BAFCEF /* Accounts.framework in Frameworks */ = {isa = PBXBuildFile; fileRef = 0FA4FB401BE2353100BAFCEF /* Accounts.framework */; };
		0FA4FB431BE2353700BAFCEF /* Social.framework in Frameworks */ = {isa = PBXBuildFile; fileRef = 0FA4FB421BE2353700BAFCEF /* Social.framework */; };
		0FA4FB461BE2375100BAFCEF /* FBSDKLoginKit.framework in Frameworks */ = {isa = PBXBuildFile; fileRef = 0FA4FB441BE2375100BAFCEF /* FBSDKLoginKit.framework */; };
		0FA4FB471BE2375100BAFCEF /* FBSDKShareKit.framework in Frameworks */ = {isa = PBXBuildFile; fileRef = 0FA4FB451BE2375100BAFCEF /* FBSDKShareKit.framework */; };
		0FA4FB491BE2377300BAFCEF /* FBSDKLoginKit.framework in Frameworks */ = {isa = PBXBuildFile; fileRef = 0FA4FB481BE2377300BAFCEF /* FBSDKLoginKit.framework */; };
		0FA4FB4B1BE2378400BAFCEF /* FBSDKShareKit.framework in Frameworks */ = {isa = PBXBuildFile; fileRef = 0FA4FB4A1BE2378400BAFCEF /* FBSDKShareKit.framework */; };
		0FA4FB551BF889FD00BAFCEF /* AddArtInfoView.swift in Sources */ = {isa = PBXBuildFile; fileRef = 0FA4FB541BF889FD00BAFCEF /* AddArtInfoView.swift */; };
		0FC6E3A41C73569C005841EC /* DirectionManager.swift in Sources */ = {isa = PBXBuildFile; fileRef = 0FC6E3A31C73569C005841EC /* DirectionManager.swift */; };
		0FC78FC51C75DCE800927425 /* TourRecord.swift in Sources */ = {isa = PBXBuildFile; fileRef = 0FC78FC41C75DCE800927425 /* TourRecord.swift */; };
		0FC78FC71C789E0B00927425 /* IndicatorView.swift in Sources */ = {isa = PBXBuildFile; fileRef = 0FC78FC61C789E0B00927425 /* IndicatorView.swift */; };
		0FC78FC91C78B03A00927425 /* ReportArtistController.swift in Sources */ = {isa = PBXBuildFile; fileRef = 0FC78FC81C78B03A00927425 /* ReportArtistController.swift */; };
		0FC78FD21C78CA3A00927425 /* TourTableCell.swift in Sources */ = {isa = PBXBuildFile; fileRef = 0FC78FD11C78CA3A00927425 /* TourTableCell.swift */; };
		0FCB30771C7248070002E1FF /* AddTourController.swift in Sources */ = {isa = PBXBuildFile; fileRef = 0FCB30761C7248070002E1FF /* AddTourController.swift */; };
		0FCB30791C7248740002E1FF /* ArtistProfileController.swift in Sources */ = {isa = PBXBuildFile; fileRef = 0FCB30781C7248740002E1FF /* ArtistProfileController.swift */; };
		0FCB307B1C7249460002E1FF /* TourTabController.swift in Sources */ = {isa = PBXBuildFile; fileRef = 0FCB307A1C7249460002E1FF /* TourTabController.swift */; };
		0FCB307D1C724CD30002E1FF /* GoogleMaps.framework in Frameworks */ = {isa = PBXBuildFile; fileRef = 0FCB307C1C724CD30002E1FF /* GoogleMaps.framework */; };
		0FCB307F1C7253540002E1FF /* MapManager.swift in Sources */ = {isa = PBXBuildFile; fileRef = 0FCB307E1C7253540002E1FF /* MapManager.swift */; };
		0FD541E51BC2B68D0084546E /* Marker.swift in Sources */ = {isa = PBXBuildFile; fileRef = 0FD541E41BC2B68D0084546E /* Marker.swift */; };
		0FD541E71BC2BF4E0084546E /* ArtInfoView.swift in Sources */ = {isa = PBXBuildFile; fileRef = 0FD541E61BC2BF4E0084546E /* ArtInfoView.swift */; };
		0FD541E91BC414340084546E /* ArtInfoView.xib in Resources */ = {isa = PBXBuildFile; fileRef = 0FD541E81BC414340084546E /* ArtInfoView.xib */; };
		0FDFE7051BC174B5009D2EBD /* MarkerController.swift in Sources */ = {isa = PBXBuildFile; fileRef = 0FDFE7041BC174B5009D2EBD /* MarkerController.swift */; };
		0FDFE7071BC18EB8009D2EBD /* CustomInfoWindow.swift in Sources */ = {isa = PBXBuildFile; fileRef = 0FDFE7061BC18EB8009D2EBD /* CustomInfoWindow.swift */; };
		0FDFE7091BC18F05009D2EBD /* InfoWindow.xib in Resources */ = {isa = PBXBuildFile; fileRef = 0FDFE7081BC18F05009D2EBD /* InfoWindow.xib */; };
		0FF19C1A1BBA7DB800B96C5F /* AppDelegate.swift in Sources */ = {isa = PBXBuildFile; fileRef = 0FF19C191BBA7DB800B96C5F /* AppDelegate.swift */; };
		0FF19C1C1BBA7DB800B96C5F /* ViewController.swift in Sources */ = {isa = PBXBuildFile; fileRef = 0FF19C1B1BBA7DB800B96C5F /* ViewController.swift */; };
		0FF19C1F1BBA7DB800B96C5F /* Main.storyboard in Resources */ = {isa = PBXBuildFile; fileRef = 0FF19C1D1BBA7DB800B96C5F /* Main.storyboard */; };
		0FF19C211BBA7DB800B96C5F /* Assets.xcassets in Resources */ = {isa = PBXBuildFile; fileRef = 0FF19C201BBA7DB800B96C5F /* Assets.xcassets */; };
		0FF19C241BBA7DB800B96C5F /* LaunchScreen.storyboard in Resources */ = {isa = PBXBuildFile; fileRef = 0FF19C221BBA7DB800B96C5F /* LaunchScreen.storyboard */; };
		0FF19C2F1BBA7DB800B96C5F /* ArtMapTests.swift in Sources */ = {isa = PBXBuildFile; fileRef = 0FF19C2E1BBA7DB800B96C5F /* ArtMapTests.swift */; };
		0FF19C3A1BBA7DB800B96C5F /* ArtMapUITests.swift in Sources */ = {isa = PBXBuildFile; fileRef = 0FF19C391BBA7DB800B96C5F /* ArtMapUITests.swift */; };
		0FF19C481BBA7EFA00B96C5F /* AddArtController.swift in Sources */ = {isa = PBXBuildFile; fileRef = 0FF19C471BBA7EFA00B96C5F /* AddArtController.swift */; };
		0FF19C4A1BBA7F1000B96C5F /* UserInfoController.swift in Sources */ = {isa = PBXBuildFile; fileRef = 0FF19C491BBA7F1000B96C5F /* UserInfoController.swift */; };
		0FF19C4C1BBA7F2000B96C5F /* Art.swift in Sources */ = {isa = PBXBuildFile; fileRef = 0FF19C4B1BBA7F2000B96C5F /* Art.swift */; };
		0FF2FFFF1C7485B10002AB93 /* TourIndicationController.swift in Sources */ = {isa = PBXBuildFile; fileRef = 0FF2FFFE1C7485B10002AB93 /* TourIndicationController.swift */; };
		80D8D205C4E20B3A5EF17EB8 /* Pods_ArtMap.framework in Frameworks */ = {isa = PBXBuildFile; fileRef = 2248431C800505F1B8394BCF /* Pods_ArtMap.framework */; settings = {ATTRIBUTES = (Weak, ); }; };
/* End PBXBuildFile section */

/* Begin PBXContainerItemProxy section */
		0FF19C2B1BBA7DB800B96C5F /* PBXContainerItemProxy */ = {
			isa = PBXContainerItemProxy;
			containerPortal = 0FF19C0E1BBA7DB800B96C5F /* Project object */;
			proxyType = 1;
			remoteGlobalIDString = 0FF19C151BBA7DB800B96C5F;
			remoteInfo = ArtMap;
		};
		0FF19C361BBA7DB800B96C5F /* PBXContainerItemProxy */ = {
			isa = PBXContainerItemProxy;
			containerPortal = 0FF19C0E1BBA7DB800B96C5F /* Project object */;
			proxyType = 1;
			remoteGlobalIDString = 0FF19C151BBA7DB800B96C5F;
			remoteInfo = ArtMap;
		};
/* End PBXContainerItemProxy section */

/* Begin PBXFileReference section */
		0428BF98C3DD5EB1288B7035 /* Pods-ArtMap.debug.xcconfig */ = {isa = PBXFileReference; includeInIndex = 1; lastKnownFileType = text.xcconfig; name = "Pods-ArtMap.debug.xcconfig"; path = "Pods/Target Support Files/Pods-ArtMap/Pods-ArtMap.debug.xcconfig"; sourceTree = "<group>"; };
		0F1527D61BC90A6D003F665B /* FormArtController.swift */ = {isa = PBXFileReference; fileEncoding = 4; lastKnownFileType = sourcecode.swift; path = FormArtController.swift; sourceTree = "<group>"; };
		0F1AC8491C74A358007ECC1E /* Route.swift */ = {isa = PBXFileReference; fileEncoding = 4; lastKnownFileType = sourcecode.swift; path = Route.swift; sourceTree = "<group>"; };
		0F1AC8511C74DB19007ECC1E /* DirectionTableCell.xib */ = {isa = PBXFileReference; fileEncoding = 4; lastKnownFileType = file.xib; path = DirectionTableCell.xib; sourceTree = "<group>"; };
		0F1AC8531C75C8EB007ECC1E /* TourTableCell.xib */ = {isa = PBXFileReference; fileEncoding = 4; lastKnownFileType = file.xib; path = TourTableCell.xib; sourceTree = "<group>"; };
		0F23A1211BD6435200CD7435 /* Interactor.swift */ = {isa = PBXFileReference; fileEncoding = 4; lastKnownFileType = sourcecode.swift; path = Interactor.swift; sourceTree = "<group>"; };
		0F23A1231BD68FD700CD7435 /* UserController.swift */ = {isa = PBXFileReference; fileEncoding = 4; lastKnownFileType = sourcecode.swift; path = UserController.swift; sourceTree = "<group>"; };
		0F2AAB721BCD54D9005D2BC2 /* FBAdChoicesView.html */ = {isa = PBXFileReference; lastKnownFileType = text.html.documentation; path = FBAdChoicesView.html; sourceTree = "<group>"; };
		0F2AAB731BCD54D9005D2BC2 /* FBAdCustomSize.html */ = {isa = PBXFileReference; lastKnownFileType = text.html.documentation; path = FBAdCustomSize.html; sourceTree = "<group>"; };
		0F2AAB741BCD54D9005D2BC2 /* FBAdImage.html */ = {isa = PBXFileReference; lastKnownFileType = text.html.documentation; path = FBAdImage.html; sourceTree = "<group>"; };
		0F2AAB751BCD54D9005D2BC2 /* FBAdSettings.html */ = {isa = PBXFileReference; lastKnownFileType = text.html.documentation; path = FBAdSettings.html; sourceTree = "<group>"; };
		0F2AAB761BCD54D9005D2BC2 /* FBAdStarRatingView.html */ = {isa = PBXFileReference; lastKnownFileType = text.html.documentation; path = FBAdStarRatingView.html; sourceTree = "<group>"; };
		0F2AAB771BCD54D9005D2BC2 /* FBAdView.html */ = {isa = PBXFileReference; lastKnownFileType = text.html.documentation; path = FBAdView.html; sourceTree = "<group>"; };
		0F2AAB781BCD54D9005D2BC2 /* FBInterstitialAd.html */ = {isa = PBXFileReference; lastKnownFileType = text.html.documentation; path = FBInterstitialAd.html; sourceTree = "<group>"; };
		0F2AAB791BCD54D9005D2BC2 /* FBMediaView.html */ = {isa = PBXFileReference; lastKnownFileType = text.html.documentation; path = FBMediaView.html; sourceTree = "<group>"; };
		0F2AAB7A1BCD54D9005D2BC2 /* FBNativeAd.html */ = {isa = PBXFileReference; lastKnownFileType = text.html.documentation; path = FBNativeAd.html; sourceTree = "<group>"; };
		0F2AAB7B1BCD54D9005D2BC2 /* FBNativeAdScrollView.html */ = {isa = PBXFileReference; lastKnownFileType = text.html.documentation; path = FBNativeAdScrollView.html; sourceTree = "<group>"; };
		0F2AAB7C1BCD54D9005D2BC2 /* FBNativeAdsManager.html */ = {isa = PBXFileReference; lastKnownFileType = text.html.documentation; path = FBNativeAdsManager.html; sourceTree = "<group>"; };
		0F2AAB7D1BCD54D9005D2BC2 /* FBNativeAdTableViewAdProvider.html */ = {isa = PBXFileReference; lastKnownFileType = text.html.documentation; path = FBNativeAdTableViewAdProvider.html; sourceTree = "<group>"; };
		0F2AAB7E1BCD54D9005D2BC2 /* FBNativeAdTableViewCellProvider.html */ = {isa = PBXFileReference; lastKnownFileType = text.html.documentation; path = FBNativeAdTableViewCellProvider.html; sourceTree = "<group>"; };
		0F2AAB7F1BCD54D9005D2BC2 /* FBNativeAdView.html */ = {isa = PBXFileReference; lastKnownFileType = text.html.documentation; path = FBNativeAdView.html; sourceTree = "<group>"; };
		0F2AAB801BCD54D9005D2BC2 /* FBNativeAdViewAttributes.html */ = {isa = PBXFileReference; lastKnownFileType = text.html.documentation; path = FBNativeAdViewAttributes.html; sourceTree = "<group>"; };
		0F2AAB821BCD54D9005D2BC2 /* FBAdLogLevel.html */ = {isa = PBXFileReference; lastKnownFileType = text.html.documentation; path = FBAdLogLevel.html; sourceTree = "<group>"; };
		0F2AAB831BCD54D9005D2BC2 /* FBNativeAdsCachePolicy.html */ = {isa = PBXFileReference; lastKnownFileType = text.html.documentation; path = FBNativeAdsCachePolicy.html; sourceTree = "<group>"; };
		0F2AAB841BCD54D9005D2BC2 /* FBNativeAdViewType.html */ = {isa = PBXFileReference; lastKnownFileType = text.html.documentation; path = FBNativeAdViewType.html; sourceTree = "<group>"; };
		0F2AAB861BCD54D9005D2BC2 /* styles.css */ = {isa = PBXFileReference; lastKnownFileType = text.css; path = styles.css; sourceTree = "<group>"; };
		0F2AAB871BCD54D9005D2BC2 /* stylesPrint.css */ = {isa = PBXFileReference; lastKnownFileType = text.css; path = stylesPrint.css; sourceTree = "<group>"; };
		0F2AAB881BCD54D9005D2BC2 /* hierarchy.html */ = {isa = PBXFileReference; lastKnownFileType = text.html.documentation; path = hierarchy.html; sourceTree = "<group>"; };
		0F2AAB8A1BCD54D9005D2BC2 /* button_bar_background.png */ = {isa = PBXFileReference; lastKnownFileType = image.png; path = button_bar_background.png; sourceTree = "<group>"; };
		0F2AAB8B1BCD54D9005D2BC2 /* disclosure.png */ = {isa = PBXFileReference; lastKnownFileType = image.png; path = disclosure.png; sourceTree = "<group>"; };
		0F2AAB8C1BCD54D9005D2BC2 /* disclosure_open.png */ = {isa = PBXFileReference; lastKnownFileType = image.png; path = disclosure_open.png; sourceTree = "<group>"; };
		0F2AAB8D1BCD54D9005D2BC2 /* library_background.png */ = {isa = PBXFileReference; lastKnownFileType = image.png; path = library_background.png; sourceTree = "<group>"; };
		0F2AAB8E1BCD54D9005D2BC2 /* title_background.png */ = {isa = PBXFileReference; lastKnownFileType = image.png; path = title_background.png; sourceTree = "<group>"; };
		0F2AAB8F1BCD54D9005D2BC2 /* index.html */ = {isa = PBXFileReference; lastKnownFileType = text.html.documentation; path = index.html; sourceTree = "<group>"; };
		0F2AAB911BCD54D9005D2BC2 /* FBAdViewDelegate.html */ = {isa = PBXFileReference; lastKnownFileType = text.html.documentation; path = FBAdViewDelegate.html; sourceTree = "<group>"; };
		0F2AAB921BCD54D9005D2BC2 /* FBInterstitialAdDelegate.html */ = {isa = PBXFileReference; lastKnownFileType = text.html.documentation; path = FBInterstitialAdDelegate.html; sourceTree = "<group>"; };
		0F2AAB931BCD54D9005D2BC2 /* FBMediaViewDelegate.html */ = {isa = PBXFileReference; lastKnownFileType = text.html.documentation; path = FBMediaViewDelegate.html; sourceTree = "<group>"; };
		0F2AAB941BCD54D9005D2BC2 /* FBNativeAdDelegate.html */ = {isa = PBXFileReference; lastKnownFileType = text.html.documentation; path = FBNativeAdDelegate.html; sourceTree = "<group>"; };
		0F2AAB951BCD54D9005D2BC2 /* FBNativeAdsManagerDelegate.html */ = {isa = PBXFileReference; lastKnownFileType = text.html.documentation; path = FBNativeAdsManagerDelegate.html; sourceTree = "<group>"; };
		0F2AAB961BCD551F005D2BC2 /* FBSDKLoginKit.framework */ = {isa = PBXFileReference; lastKnownFileType = wrapper.framework; name = FBSDKLoginKit.framework; path = "../../../../Downloads/FacebookSDKs-iOS-20151007/FBSDKLoginKit.framework"; sourceTree = "<group>"; };
		0F3736B81BDE3863009A1CBB /* ReportViewController.swift */ = {isa = PBXFileReference; fileEncoding = 4; lastKnownFileType = sourcecode.swift; path = ReportViewController.swift; sourceTree = "<group>"; };
		0F3736BA1BE12C3C009A1CBB /* AlertLauncher.swift */ = {isa = PBXFileReference; fileEncoding = 4; lastKnownFileType = sourcecode.swift; path = AlertLauncher.swift; sourceTree = "<group>"; };
		0F51B89A1BCE5BCA009E0BA1 /* LoginViewController.swift */ = {isa = PBXFileReference; fileEncoding = 4; lastKnownFileType = sourcecode.swift; path = LoginViewController.swift; sourceTree = "<group>"; };
		0F51B8A01BCE96B5009E0BA1 /* AudioToolbox.framework */ = {isa = PBXFileReference; lastKnownFileType = wrapper.framework; name = AudioToolbox.framework; path = System/Library/Frameworks/AudioToolbox.framework; sourceTree = SDKROOT; };
		0F51B8A21BCE96BD009E0BA1 /* CFNetwork.framework */ = {isa = PBXFileReference; lastKnownFileType = wrapper.framework; name = CFNetwork.framework; path = System/Library/Frameworks/CFNetwork.framework; sourceTree = SDKROOT; };
		0F51B8A41BCE96C3009E0BA1 /* CoreGraphics.framework */ = {isa = PBXFileReference; lastKnownFileType = wrapper.framework; name = CoreGraphics.framework; path = System/Library/Frameworks/CoreGraphics.framework; sourceTree = SDKROOT; };
		0F51B8A61BCE96CD009E0BA1 /* CoreLocation.framework */ = {isa = PBXFileReference; lastKnownFileType = wrapper.framework; name = CoreLocation.framework; path = System/Library/Frameworks/CoreLocation.framework; sourceTree = SDKROOT; };
		0F51B8A81BCE96E4009E0BA1 /* libsqlite3.tbd */ = {isa = PBXFileReference; lastKnownFileType = "sourcecode.text-based-dylib-definition"; name = libsqlite3.tbd; path = usr/lib/libsqlite3.tbd; sourceTree = SDKROOT; };
		0F51B8AA1BCE96F0009E0BA1 /* libz.tbd */ = {isa = PBXFileReference; lastKnownFileType = "sourcecode.text-based-dylib-definition"; name = libz.tbd; path = usr/lib/libz.tbd; sourceTree = SDKROOT; };
		0F51B8AC1BCE96FA009E0BA1 /* MobileCoreServices.framework */ = {isa = PBXFileReference; lastKnownFileType = wrapper.framework; name = MobileCoreServices.framework; path = System/Library/Frameworks/MobileCoreServices.framework; sourceTree = SDKROOT; };
		0F51B8AE1BCE9703009E0BA1 /* QuartzCore.framework */ = {isa = PBXFileReference; lastKnownFileType = wrapper.framework; name = QuartzCore.framework; path = System/Library/Frameworks/QuartzCore.framework; sourceTree = SDKROOT; };
		0F51B8B01BCE970B009E0BA1 /* Security.framework */ = {isa = PBXFileReference; lastKnownFileType = wrapper.framework; name = Security.framework; path = System/Library/Frameworks/Security.framework; sourceTree = SDKROOT; };
		0F51B8B21BCE9713009E0BA1 /* StoreKit.framework */ = {isa = PBXFileReference; lastKnownFileType = wrapper.framework; name = StoreKit.framework; path = System/Library/Frameworks/StoreKit.framework; sourceTree = SDKROOT; };
		0F51B8B41BCE9725009E0BA1 /* SystemConfiguration.framework */ = {isa = PBXFileReference; lastKnownFileType = wrapper.framework; name = SystemConfiguration.framework; path = System/Library/Frameworks/SystemConfiguration.framework; sourceTree = SDKROOT; };
		0F5326A41C0076E900508A7A /* PrivacyController.swift */ = {isa = PBXFileReference; fileEncoding = 4; lastKnownFileType = sourcecode.swift; path = PrivacyController.swift; sourceTree = "<group>"; };
		0F58495B1BCD4C7E00BAA982 /* User.swift */ = {isa = PBXFileReference; fileEncoding = 4; lastKnownFileType = sourcecode.swift; path = User.swift; sourceTree = "<group>"; };
		0F67F5A61C7357EB00956AFF /* Step.swift */ = {isa = PBXFileReference; fileEncoding = 4; lastKnownFileType = sourcecode.swift; path = Step.swift; sourceTree = "<group>"; };
		0F67F5A81C735A3E00956AFF /* Tour.swift */ = {isa = PBXFileReference; fileEncoding = 4; lastKnownFileType = sourcecode.swift; path = Tour.swift; sourceTree = "<group>"; };
		0FA4FB3C1BE234F400BAFCEF /* Parse.framework */ = {isa = PBXFileReference; lastKnownFileType = wrapper.framework; name = Parse.framework; path = "../../../../Downloads/parse-library-1-2/Parse.framework"; sourceTree = "<group>"; };
		0FA4FB3E1BE2350000BAFCEF /* Bolts.framework */ = {isa = PBXFileReference; lastKnownFileType = wrapper.framework; name = Bolts.framework; path = "../../../../Downloads/parse-library-1-2/Bolts.framework"; sourceTree = "<group>"; };
		0FA4FB401BE2353100BAFCEF /* Accounts.framework */ = {isa = PBXFileReference; lastKnownFileType = wrapper.framework; name = Accounts.framework; path = System/Library/Frameworks/Accounts.framework; sourceTree = SDKROOT; };
		0FA4FB421BE2353700BAFCEF /* Social.framework */ = {isa = PBXFileReference; lastKnownFileType = wrapper.framework; name = Social.framework; path = System/Library/Frameworks/Social.framework; sourceTree = SDKROOT; };
		0FA4FB441BE2375100BAFCEF /* FBSDKLoginKit.framework */ = {isa = PBXFileReference; lastKnownFileType = wrapper.framework; path = FBSDKLoginKit.framework; sourceTree = "<group>"; };
		0FA4FB451BE2375100BAFCEF /* FBSDKShareKit.framework */ = {isa = PBXFileReference; lastKnownFileType = wrapper.framework; path = FBSDKShareKit.framework; sourceTree = "<group>"; };
		0FA4FB481BE2377300BAFCEF /* FBSDKLoginKit.framework */ = {isa = PBXFileReference; lastKnownFileType = wrapper.framework; name = FBSDKLoginKit.framework; path = "../../../../Downloads/FacebookSDKs-iOS-20151026/FBSDKLoginKit.framework"; sourceTree = "<group>"; };
		0FA4FB4A1BE2378400BAFCEF /* FBSDKShareKit.framework */ = {isa = PBXFileReference; lastKnownFileType = wrapper.framework; name = FBSDKShareKit.framework; path = "../../../../Downloads/FacebookSDKs-iOS-20151026/FBSDKShareKit.framework"; sourceTree = "<group>"; };
		0FA4FB541BF889FD00BAFCEF /* AddArtInfoView.swift */ = {isa = PBXFileReference; fileEncoding = 4; lastKnownFileType = sourcecode.swift; path = AddArtInfoView.swift; sourceTree = "<group>"; };
		0FC6E3A31C73569C005841EC /* DirectionManager.swift */ = {isa = PBXFileReference; fileEncoding = 4; lastKnownFileType = sourcecode.swift; path = DirectionManager.swift; sourceTree = "<group>"; };
		0FC78FC41C75DCE800927425 /* TourRecord.swift */ = {isa = PBXFileReference; fileEncoding = 4; lastKnownFileType = sourcecode.swift; path = TourRecord.swift; sourceTree = "<group>"; };
		0FC78FC61C789E0B00927425 /* IndicatorView.swift */ = {isa = PBXFileReference; fileEncoding = 4; lastKnownFileType = sourcecode.swift; path = IndicatorView.swift; sourceTree = "<group>"; };
		0FC78FC81C78B03A00927425 /* ReportArtistController.swift */ = {isa = PBXFileReference; fileEncoding = 4; lastKnownFileType = sourcecode.swift; path = ReportArtistController.swift; sourceTree = "<group>"; };
		0FC78FD11C78CA3A00927425 /* TourTableCell.swift */ = {isa = PBXFileReference; fileEncoding = 4; lastKnownFileType = sourcecode.swift; path = TourTableCell.swift; sourceTree = "<group>"; };
		0FCB30761C7248070002E1FF /* AddTourController.swift */ = {isa = PBXFileReference; fileEncoding = 4; lastKnownFileType = sourcecode.swift; path = AddTourController.swift; sourceTree = "<group>"; };
		0FCB30781C7248740002E1FF /* ArtistProfileController.swift */ = {isa = PBXFileReference; fileEncoding = 4; lastKnownFileType = sourcecode.swift; path = ArtistProfileController.swift; sourceTree = "<group>"; };
		0FCB307A1C7249460002E1FF /* TourTabController.swift */ = {isa = PBXFileReference; fileEncoding = 4; lastKnownFileType = sourcecode.swift; path = TourTabController.swift; sourceTree = "<group>"; };
		0FCB307C1C724CD30002E1FF /* GoogleMaps.framework */ = {isa = PBXFileReference; lastKnownFileType = wrapper.framework; name = GoogleMaps.framework; path = ../../ArtMap/GoogleMaps.framework; sourceTree = "<group>"; };
		0FCB307E1C7253540002E1FF /* MapManager.swift */ = {isa = PBXFileReference; fileEncoding = 4; lastKnownFileType = sourcecode.swift; path = MapManager.swift; sourceTree = "<group>"; };
		0FD541E41BC2B68D0084546E /* Marker.swift */ = {isa = PBXFileReference; fileEncoding = 4; lastKnownFileType = sourcecode.swift; path = Marker.swift; sourceTree = "<group>"; };
		0FD541E61BC2BF4E0084546E /* ArtInfoView.swift */ = {isa = PBXFileReference; fileEncoding = 4; lastKnownFileType = sourcecode.swift; path = ArtInfoView.swift; sourceTree = "<group>"; };
		0FD541E81BC414340084546E /* ArtInfoView.xib */ = {isa = PBXFileReference; fileEncoding = 4; lastKnownFileType = file.xib; path = ArtInfoView.xib; sourceTree = "<group>"; };
		0FDFE7041BC174B5009D2EBD /* MarkerController.swift */ = {isa = PBXFileReference; fileEncoding = 4; lastKnownFileType = sourcecode.swift; path = MarkerController.swift; sourceTree = "<group>"; };
		0FDFE7061BC18EB8009D2EBD /* CustomInfoWindow.swift */ = {isa = PBXFileReference; fileEncoding = 4; lastKnownFileType = sourcecode.swift; path = CustomInfoWindow.swift; sourceTree = "<group>"; };
		0FDFE7081BC18F05009D2EBD /* InfoWindow.xib */ = {isa = PBXFileReference; fileEncoding = 4; lastKnownFileType = file.xib; path = InfoWindow.xib; sourceTree = "<group>"; };
		0FF19C161BBA7DB800B96C5F /* ArtMap.app */ = {isa = PBXFileReference; explicitFileType = wrapper.application; includeInIndex = 0; path = ArtMap.app; sourceTree = BUILT_PRODUCTS_DIR; };
		0FF19C191BBA7DB800B96C5F /* AppDelegate.swift */ = {isa = PBXFileReference; lastKnownFileType = sourcecode.swift; path = AppDelegate.swift; sourceTree = "<group>"; };
		0FF19C1B1BBA7DB800B96C5F /* ViewController.swift */ = {isa = PBXFileReference; lastKnownFileType = sourcecode.swift; path = ViewController.swift; sourceTree = "<group>"; };
		0FF19C1E1BBA7DB800B96C5F /* Base */ = {isa = PBXFileReference; lastKnownFileType = file.storyboard; name = Base; path = Base.lproj/Main.storyboard; sourceTree = "<group>"; };
		0FF19C201BBA7DB800B96C5F /* Assets.xcassets */ = {isa = PBXFileReference; lastKnownFileType = folder.assetcatalog; path = Assets.xcassets; sourceTree = "<group>"; };
		0FF19C231BBA7DB800B96C5F /* Base */ = {isa = PBXFileReference; lastKnownFileType = file.storyboard; name = Base; path = Base.lproj/LaunchScreen.storyboard; sourceTree = "<group>"; };
		0FF19C251BBA7DB800B96C5F /* Info.plist */ = {isa = PBXFileReference; lastKnownFileType = text.plist.xml; path = Info.plist; sourceTree = "<group>"; };
		0FF19C2A1BBA7DB800B96C5F /* ArtMapTests.xctest */ = {isa = PBXFileReference; explicitFileType = wrapper.cfbundle; includeInIndex = 0; path = ArtMapTests.xctest; sourceTree = BUILT_PRODUCTS_DIR; };
		0FF19C2E1BBA7DB800B96C5F /* ArtMapTests.swift */ = {isa = PBXFileReference; lastKnownFileType = sourcecode.swift; path = ArtMapTests.swift; sourceTree = "<group>"; };
		0FF19C301BBA7DB800B96C5F /* Info.plist */ = {isa = PBXFileReference; lastKnownFileType = text.plist.xml; path = Info.plist; sourceTree = "<group>"; };
		0FF19C351BBA7DB800B96C5F /* ArtMapUITests.xctest */ = {isa = PBXFileReference; explicitFileType = wrapper.cfbundle; includeInIndex = 0; path = ArtMapUITests.xctest; sourceTree = BUILT_PRODUCTS_DIR; };
		0FF19C391BBA7DB800B96C5F /* ArtMapUITests.swift */ = {isa = PBXFileReference; lastKnownFileType = sourcecode.swift; path = ArtMapUITests.swift; sourceTree = "<group>"; };
		0FF19C3B1BBA7DB800B96C5F /* Info.plist */ = {isa = PBXFileReference; lastKnownFileType = text.plist.xml; path = Info.plist; sourceTree = "<group>"; };
		0FF19C471BBA7EFA00B96C5F /* AddArtController.swift */ = {isa = PBXFileReference; fileEncoding = 4; lastKnownFileType = sourcecode.swift; path = AddArtController.swift; sourceTree = "<group>"; };
		0FF19C491BBA7F1000B96C5F /* UserInfoController.swift */ = {isa = PBXFileReference; fileEncoding = 4; lastKnownFileType = sourcecode.swift; path = UserInfoController.swift; sourceTree = "<group>"; };
		0FF19C4B1BBA7F2000B96C5F /* Art.swift */ = {isa = PBXFileReference; fileEncoding = 4; lastKnownFileType = sourcecode.swift; path = Art.swift; sourceTree = "<group>"; };
		0FF2FFFE1C7485B10002AB93 /* TourIndicationController.swift */ = {isa = PBXFileReference; fileEncoding = 4; lastKnownFileType = sourcecode.swift; path = TourIndicationController.swift; sourceTree = "<group>"; };
		0FF8E02E1BDB8FB100E93BFE /* ArtMap-Bridging-Header.h */ = {isa = PBXFileReference; lastKnownFileType = sourcecode.c.h; path = "ArtMap-Bridging-Header.h"; sourceTree = "<group>"; };
		2248431C800505F1B8394BCF /* Pods_ArtMap.framework */ = {isa = PBXFileReference; explicitFileType = wrapper.framework; includeInIndex = 0; path = Pods_ArtMap.framework; sourceTree = BUILT_PRODUCTS_DIR; };
		812F30186C5601B275DA8949 /* Pods-ArtMap.release.xcconfig */ = {isa = PBXFileReference; includeInIndex = 1; lastKnownFileType = text.xcconfig; name = "Pods-ArtMap.release.xcconfig"; path = "Pods/Target Support Files/Pods-ArtMap/Pods-ArtMap.release.xcconfig"; sourceTree = "<group>"; };
/* End PBXFileReference section */

/* Begin PBXFrameworksBuildPhase section */
		0FF19C131BBA7DB800B96C5F /* Frameworks */ = {
			isa = PBXFrameworksBuildPhase;
			buildActionMask = 2147483647;
			files = (
				0FA4FB4B1BE2378400BAFCEF /* FBSDKShareKit.framework in Frameworks */,
				0FA4FB491BE2377300BAFCEF /* FBSDKLoginKit.framework in Frameworks */,
				0FA4FB461BE2375100BAFCEF /* FBSDKLoginKit.framework in Frameworks */,
				0FA4FB431BE2353700BAFCEF /* Social.framework in Frameworks */,
				0FA4FB411BE2353100BAFCEF /* Accounts.framework in Frameworks */,
				0FA4FB3F1BE2350000BAFCEF /* Bolts.framework in Frameworks */,
				0FA4FB3D1BE234F400BAFCEF /* Parse.framework in Frameworks */,
				0F51B8B51BCE9725009E0BA1 /* SystemConfiguration.framework in Frameworks */,
				0F51B8B31BCE9713009E0BA1 /* StoreKit.framework in Frameworks */,
				0F51B8B11BCE970B009E0BA1 /* Security.framework in Frameworks */,
				0F51B8AF1BCE9703009E0BA1 /* QuartzCore.framework in Frameworks */,
				0F51B8AD1BCE96FA009E0BA1 /* MobileCoreServices.framework in Frameworks */,
				0F51B8AB1BCE96F0009E0BA1 /* libz.tbd in Frameworks */,
				0F51B8A91BCE96E4009E0BA1 /* libsqlite3.tbd in Frameworks */,
				0F51B8A71BCE96CD009E0BA1 /* CoreLocation.framework in Frameworks */,
				0FCB307D1C724CD30002E1FF /* GoogleMaps.framework in Frameworks */,
				0F51B8A51BCE96C3009E0BA1 /* CoreGraphics.framework in Frameworks */,
				0FA4FB471BE2375100BAFCEF /* FBSDKShareKit.framework in Frameworks */,
				0F51B8A31BCE96BD009E0BA1 /* CFNetwork.framework in Frameworks */,
				0F51B8A11BCE96B5009E0BA1 /* AudioToolbox.framework in Frameworks */,
				80D8D205C4E20B3A5EF17EB8 /* Pods_ArtMap.framework in Frameworks */,
			);
			runOnlyForDeploymentPostprocessing = 0;
		};
		0FF19C271BBA7DB800B96C5F /* Frameworks */ = {
			isa = PBXFrameworksBuildPhase;
			buildActionMask = 2147483647;
			files = (
			);
			runOnlyForDeploymentPostprocessing = 0;
		};
		0FF19C321BBA7DB800B96C5F /* Frameworks */ = {
			isa = PBXFrameworksBuildPhase;
			buildActionMask = 2147483647;
			files = (
			);
			runOnlyForDeploymentPostprocessing = 0;
		};
/* End PBXFrameworksBuildPhase section */

/* Begin PBXGroup section */
		0F2AAB701BCD54D9005D2BC2 /* Documents */ = {
			isa = PBXGroup;
			children = (
				0F2AAB711BCD54D9005D2BC2 /* Classes */,
				0F2AAB811BCD54D9005D2BC2 /* Constants */,
				0F2AAB851BCD54D9005D2BC2 /* css */,
				0F2AAB881BCD54D9005D2BC2 /* hierarchy.html */,
				0F2AAB891BCD54D9005D2BC2 /* img */,
				0F2AAB8F1BCD54D9005D2BC2 /* index.html */,
				0F2AAB901BCD54D9005D2BC2 /* Protocols */,
			);
			name = Documents;
			path = "../../../../Downloads/FacebookSDKs-iOS-20151007/DocSets/FacebookAudienceNetworkSDK-4_7-for-iOS.docset/Contents/Resources/Documents";
			sourceTree = "<group>";
		};
		0F2AAB711BCD54D9005D2BC2 /* Classes */ = {
			isa = PBXGroup;
			children = (
				0F2AAB721BCD54D9005D2BC2 /* FBAdChoicesView.html */,
				0F2AAB731BCD54D9005D2BC2 /* FBAdCustomSize.html */,
				0F2AAB741BCD54D9005D2BC2 /* FBAdImage.html */,
				0F2AAB751BCD54D9005D2BC2 /* FBAdSettings.html */,
				0F2AAB761BCD54D9005D2BC2 /* FBAdStarRatingView.html */,
				0F2AAB771BCD54D9005D2BC2 /* FBAdView.html */,
				0F2AAB781BCD54D9005D2BC2 /* FBInterstitialAd.html */,
				0F2AAB791BCD54D9005D2BC2 /* FBMediaView.html */,
				0F2AAB7A1BCD54D9005D2BC2 /* FBNativeAd.html */,
				0F2AAB7B1BCD54D9005D2BC2 /* FBNativeAdScrollView.html */,
				0F2AAB7C1BCD54D9005D2BC2 /* FBNativeAdsManager.html */,
				0F2AAB7D1BCD54D9005D2BC2 /* FBNativeAdTableViewAdProvider.html */,
				0F2AAB7E1BCD54D9005D2BC2 /* FBNativeAdTableViewCellProvider.html */,
				0F2AAB7F1BCD54D9005D2BC2 /* FBNativeAdView.html */,
				0F2AAB801BCD54D9005D2BC2 /* FBNativeAdViewAttributes.html */,
			);
			path = Classes;
			sourceTree = "<group>";
		};
		0F2AAB811BCD54D9005D2BC2 /* Constants */ = {
			isa = PBXGroup;
			children = (
				0F2AAB821BCD54D9005D2BC2 /* FBAdLogLevel.html */,
				0F2AAB831BCD54D9005D2BC2 /* FBNativeAdsCachePolicy.html */,
				0F2AAB841BCD54D9005D2BC2 /* FBNativeAdViewType.html */,
			);
			path = Constants;
			sourceTree = "<group>";
		};
		0F2AAB851BCD54D9005D2BC2 /* css */ = {
			isa = PBXGroup;
			children = (
				0F2AAB861BCD54D9005D2BC2 /* styles.css */,
				0F2AAB871BCD54D9005D2BC2 /* stylesPrint.css */,
			);
			path = css;
			sourceTree = "<group>";
		};
		0F2AAB891BCD54D9005D2BC2 /* img */ = {
			isa = PBXGroup;
			children = (
				0F2AAB8A1BCD54D9005D2BC2 /* button_bar_background.png */,
				0F2AAB8B1BCD54D9005D2BC2 /* disclosure.png */,
				0F2AAB8C1BCD54D9005D2BC2 /* disclosure_open.png */,
				0F2AAB8D1BCD54D9005D2BC2 /* library_background.png */,
				0F2AAB8E1BCD54D9005D2BC2 /* title_background.png */,
			);
			path = img;
			sourceTree = "<group>";
		};
		0F2AAB901BCD54D9005D2BC2 /* Protocols */ = {
			isa = PBXGroup;
			children = (
				0F2AAB911BCD54D9005D2BC2 /* FBAdViewDelegate.html */,
				0F2AAB921BCD54D9005D2BC2 /* FBInterstitialAdDelegate.html */,
				0F2AAB931BCD54D9005D2BC2 /* FBMediaViewDelegate.html */,
				0F2AAB941BCD54D9005D2BC2 /* FBNativeAdDelegate.html */,
				0F2AAB951BCD54D9005D2BC2 /* FBNativeAdsManagerDelegate.html */,
			);
			path = Protocols;
			sourceTree = "<group>";
		};
		0FC78FCA1C78C73500927425 /* Model */ = {
			isa = PBXGroup;
			children = (
				0FD541E41BC2B68D0084546E /* Marker.swift */,
				0FC78FC41C75DCE800927425 /* TourRecord.swift */,
				0F58495B1BCD4C7E00BAA982 /* User.swift */,
				0FF19C4B1BBA7F2000B96C5F /* Art.swift */,
				0F67F5A61C7357EB00956AFF /* Step.swift */,
				0F67F5A81C735A3E00956AFF /* Tour.swift */,
				0F1AC8491C74A358007ECC1E /* Route.swift */,
			);
			name = Model;
			sourceTree = "<group>";
		};
		0FC78FCB1C78C76D00927425 /* Controller */ = {
			isa = PBXGroup;
			children = (
				0F23A1211BD6435200CD7435 /* Interactor.swift */,
				0FCB307E1C7253540002E1FF /* MapManager.swift */,
				0F23A1231BD68FD700CD7435 /* UserController.swift */,
				0FDFE7041BC174B5009D2EBD /* MarkerController.swift */,
				0FC6E3A31C73569C005841EC /* DirectionManager.swift */,
				0F3736BA1BE12C3C009A1CBB /* AlertLauncher.swift */,
			);
			name = Controller;
			sourceTree = "<group>";
		};
		0FC78FCC1C78C81300927425 /* View */ = {
			isa = PBXGroup;
			children = (
				0FF19C1B1BBA7DB800B96C5F /* ViewController.swift */,
				0FC78FD01C78C8D000927425 /* User Section */,
				0FC78FCD1C78C83600927425 /* Tour Section */,
				0FC78FCE1C78C86900927425 /* Report Section */,
				0FC78FCF1C78C87D00927425 /* Info Section */,
			);
			name = View;
			sourceTree = "<group>";
		};
		0FC78FCD1C78C83600927425 /* Tour Section */ = {
			isa = PBXGroup;
			children = (
				0FCB30761C7248070002E1FF /* AddTourController.swift */,
				0FC78FC61C789E0B00927425 /* IndicatorView.swift */,
				0FC78FD11C78CA3A00927425 /* TourTableCell.swift */,
				0FF2FFFE1C7485B10002AB93 /* TourIndicationController.swift */,
				0FCB307A1C7249460002E1FF /* TourTabController.swift */,
			);
			name = "Tour Section";
			sourceTree = "<group>";
		};
		0FC78FCE1C78C86900927425 /* Report Section */ = {
			isa = PBXGroup;
			children = (
				0F3736B81BDE3863009A1CBB /* ReportViewController.swift */,
				0FC78FC81C78B03A00927425 /* ReportArtistController.swift */,
			);
			name = "Report Section";
			sourceTree = "<group>";
		};
		0FC78FCF1C78C87D00927425 /* Info Section */ = {
			isa = PBXGroup;
			children = (
				0FF19C471BBA7EFA00B96C5F /* AddArtController.swift */,
				0FDFE7061BC18EB8009D2EBD /* CustomInfoWindow.swift */,
				0FD541E61BC2BF4E0084546E /* ArtInfoView.swift */,
				0FCB30781C7248740002E1FF /* ArtistProfileController.swift */,
				0FA4FB541BF889FD00BAFCEF /* AddArtInfoView.swift */,
				0F1527D61BC90A6D003F665B /* FormArtController.swift */,
			);
			name = "Info Section";
			sourceTree = "<group>";
		};
		0FC78FD01C78C8D000927425 /* User Section */ = {
			isa = PBXGroup;
			children = (
				0FF19C491BBA7F1000B96C5F /* UserInfoController.swift */,
				0F5326A41C0076E900508A7A /* PrivacyController.swift */,
				0F51B89A1BCE5BCA009E0BA1 /* LoginViewController.swift */,
			);
			name = "User Section";
			sourceTree = "<group>";
		};
		0FF19C0D1BBA7DB800B96C5F = {
			isa = PBXGroup;
			children = (
				0FF19C181BBA7DB800B96C5F /* ArtMap */,
				0FF19C2D1BBA7DB800B96C5F /* ArtMapTests */,
				0FF19C381BBA7DB800B96C5F /* ArtMapUITests */,
				0FF19C171BBA7DB800B96C5F /* Products */,
				11DF160ED966C18905807677 /* Pods */,
				A6B8ADDA12D7E363226320C4 /* Frameworks */,
			);
			sourceTree = "<group>";
		};
		0FF19C171BBA7DB800B96C5F /* Products */ = {
			isa = PBXGroup;
			children = (
				0FF19C161BBA7DB800B96C5F /* ArtMap.app */,
				0FF19C2A1BBA7DB800B96C5F /* ArtMapTests.xctest */,
				0FF19C351BBA7DB800B96C5F /* ArtMapUITests.xctest */,
			);
			name = Products;
			sourceTree = "<group>";
		};
		0FF19C181BBA7DB800B96C5F /* ArtMap */ = {
			isa = PBXGroup;
			children = (
				0FF19C191BBA7DB800B96C5F /* AppDelegate.swift */,
				0FC78FCA1C78C73500927425 /* Model */,
				0FC78FCB1C78C76D00927425 /* Controller */,
				0FC78FCC1C78C81300927425 /* View */,
				0FF19C1D1BBA7DB800B96C5F /* Main.storyboard */,
				0F1AC8531C75C8EB007ECC1E /* TourTableCell.xib */,
				0FDFE7081BC18F05009D2EBD /* InfoWindow.xib */,
				0FD541E81BC414340084546E /* ArtInfoView.xib */,
				0FF19C201BBA7DB800B96C5F /* Assets.xcassets */,
				0FF19C221BBA7DB800B96C5F /* LaunchScreen.storyboard */,
				0FF19C251BBA7DB800B96C5F /* Info.plist */,
				0FF8E02E1BDB8FB100E93BFE /* ArtMap-Bridging-Header.h */,
				0F1AC8511C74DB19007ECC1E /* DirectionTableCell.xib */,
			);
			path = ArtMap;
			sourceTree = "<group>";
		};
		0FF19C2D1BBA7DB800B96C5F /* ArtMapTests */ = {
			isa = PBXGroup;
			children = (
				0FF19C2E1BBA7DB800B96C5F /* ArtMapTests.swift */,
				0FF19C301BBA7DB800B96C5F /* Info.plist */,
			);
			path = ArtMapTests;
			sourceTree = "<group>";
		};
		0FF19C381BBA7DB800B96C5F /* ArtMapUITests */ = {
			isa = PBXGroup;
			children = (
				0FF19C391BBA7DB800B96C5F /* ArtMapUITests.swift */,
				0FF19C3B1BBA7DB800B96C5F /* Info.plist */,
			);
			path = ArtMapUITests;
			sourceTree = "<group>";
		};
		11DF160ED966C18905807677 /* Pods */ = {
			isa = PBXGroup;
			children = (
				0428BF98C3DD5EB1288B7035 /* Pods-ArtMap.debug.xcconfig */,
				812F30186C5601B275DA8949 /* Pods-ArtMap.release.xcconfig */,
			);
			name = Pods;
			sourceTree = "<group>";
		};
		A6B8ADDA12D7E363226320C4 /* Frameworks */ = {
			isa = PBXGroup;
			children = (
				0FCB307C1C724CD30002E1FF /* GoogleMaps.framework */,
				0FA4FB4A1BE2378400BAFCEF /* FBSDKShareKit.framework */,
				0FA4FB481BE2377300BAFCEF /* FBSDKLoginKit.framework */,
				0FA4FB441BE2375100BAFCEF /* FBSDKLoginKit.framework */,
				0FA4FB451BE2375100BAFCEF /* FBSDKShareKit.framework */,
				0FA4FB421BE2353700BAFCEF /* Social.framework */,
				0FA4FB401BE2353100BAFCEF /* Accounts.framework */,
				0FA4FB3E1BE2350000BAFCEF /* Bolts.framework */,
				0FA4FB3C1BE234F400BAFCEF /* Parse.framework */,
				0F51B8B41BCE9725009E0BA1 /* SystemConfiguration.framework */,
				0F51B8B21BCE9713009E0BA1 /* StoreKit.framework */,
				0F51B8B01BCE970B009E0BA1 /* Security.framework */,
				0F51B8AE1BCE9703009E0BA1 /* QuartzCore.framework */,
				0F51B8AC1BCE96FA009E0BA1 /* MobileCoreServices.framework */,
				0F51B8AA1BCE96F0009E0BA1 /* libz.tbd */,
				0F51B8A81BCE96E4009E0BA1 /* libsqlite3.tbd */,
				0F51B8A61BCE96CD009E0BA1 /* CoreLocation.framework */,
				0F51B8A41BCE96C3009E0BA1 /* CoreGraphics.framework */,
				0F51B8A21BCE96BD009E0BA1 /* CFNetwork.framework */,
				0F51B8A01BCE96B5009E0BA1 /* AudioToolbox.framework */,
				0F2AAB961BCD551F005D2BC2 /* FBSDKLoginKit.framework */,
				0F2AAB701BCD54D9005D2BC2 /* Documents */,
				2248431C800505F1B8394BCF /* Pods_ArtMap.framework */,
			);
			name = Frameworks;
			sourceTree = "<group>";
		};
/* End PBXGroup section */

/* Begin PBXNativeTarget section */
		0FF19C151BBA7DB800B96C5F /* ArtMap */ = {
			isa = PBXNativeTarget;
			buildConfigurationList = 0FF19C3E1BBA7DB800B96C5F /* Build configuration list for PBXNativeTarget "ArtMap" */;
			buildPhases = (
				24D7E5D69968A00575EA9CBD /* Check Pods Manifest.lock */,
				0FF19C121BBA7DB800B96C5F /* Sources */,
				0FF19C131BBA7DB800B96C5F /* Frameworks */,
				0FF19C141BBA7DB800B96C5F /* Resources */,
				56AABBF9680C19B67843AB0B /* Embed Pods Frameworks */,
				CB4AB01C74DA103C5920B138 /* Copy Pods Resources */,
			);
			buildRules = (
			);
			dependencies = (
			);
			name = ArtMap;
			productName = ArtMap;
			productReference = 0FF19C161BBA7DB800B96C5F /* ArtMap.app */;
			productType = "com.apple.product-type.application";
		};
		0FF19C291BBA7DB800B96C5F /* ArtMapTests */ = {
			isa = PBXNativeTarget;
			buildConfigurationList = 0FF19C411BBA7DB800B96C5F /* Build configuration list for PBXNativeTarget "ArtMapTests" */;
			buildPhases = (
				0FF19C261BBA7DB800B96C5F /* Sources */,
				0FF19C271BBA7DB800B96C5F /* Frameworks */,
				0FF19C281BBA7DB800B96C5F /* Resources */,
			);
			buildRules = (
			);
			dependencies = (
				0FF19C2C1BBA7DB800B96C5F /* PBXTargetDependency */,
			);
			name = ArtMapTests;
			productName = ArtMapTests;
			productReference = 0FF19C2A1BBA7DB800B96C5F /* ArtMapTests.xctest */;
			productType = "com.apple.product-type.bundle.unit-test";
		};
		0FF19C341BBA7DB800B96C5F /* ArtMapUITests */ = {
			isa = PBXNativeTarget;
			buildConfigurationList = 0FF19C441BBA7DB800B96C5F /* Build configuration list for PBXNativeTarget "ArtMapUITests" */;
			buildPhases = (
				0FF19C311BBA7DB800B96C5F /* Sources */,
				0FF19C321BBA7DB800B96C5F /* Frameworks */,
				0FF19C331BBA7DB800B96C5F /* Resources */,
			);
			buildRules = (
			);
			dependencies = (
				0FF19C371BBA7DB800B96C5F /* PBXTargetDependency */,
			);
			name = ArtMapUITests;
			productName = ArtMapUITests;
			productReference = 0FF19C351BBA7DB800B96C5F /* ArtMapUITests.xctest */;
			productType = "com.apple.product-type.bundle.ui-testing";
		};
/* End PBXNativeTarget section */

/* Begin PBXProject section */
		0FF19C0E1BBA7DB800B96C5F /* Project object */ = {
			isa = PBXProject;
			attributes = {
				LastSwiftUpdateCheck = 0710;
				LastUpgradeCheck = 0700;
				ORGANIZATIONNAME = "Andrea Mantani";
				TargetAttributes = {
					0FF19C151BBA7DB800B96C5F = {
						CreatedOnToolsVersion = 7.0;
						DevelopmentTeam = H39CQ4M3WZ;
					};
					0FF19C291BBA7DB800B96C5F = {
						CreatedOnToolsVersion = 7.0;
						TestTargetID = 0FF19C151BBA7DB800B96C5F;
					};
					0FF19C341BBA7DB800B96C5F = {
						CreatedOnToolsVersion = 7.0;
						TestTargetID = 0FF19C151BBA7DB800B96C5F;
					};
				};
			};
			buildConfigurationList = 0FF19C111BBA7DB800B96C5F /* Build configuration list for PBXProject "ArtMap" */;
			compatibilityVersion = "Xcode 3.2";
			developmentRegion = English;
			hasScannedForEncodings = 0;
			knownRegions = (
				en,
				Base,
			);
			mainGroup = 0FF19C0D1BBA7DB800B96C5F;
			productRefGroup = 0FF19C171BBA7DB800B96C5F /* Products */;
			projectDirPath = "";
			projectRoot = "";
			targets = (
				0FF19C151BBA7DB800B96C5F /* ArtMap */,
				0FF19C291BBA7DB800B96C5F /* ArtMapTests */,
				0FF19C341BBA7DB800B96C5F /* ArtMapUITests */,
			);
		};
/* End PBXProject section */

/* Begin PBXResourcesBuildPhase section */
		0FF19C141BBA7DB800B96C5F /* Resources */ = {
			isa = PBXResourcesBuildPhase;
			buildActionMask = 2147483647;
			files = (
				0FF19C241BBA7DB800B96C5F /* LaunchScreen.storyboard in Resources */,
				0F1AC8541C75C8EB007ECC1E /* TourTableCell.xib in Resources */,
				0FD541E91BC414340084546E /* ArtInfoView.xib in Resources */,
				0F1AC8521C74DB19007ECC1E /* DirectionTableCell.xib in Resources */,
				0FF19C211BBA7DB800B96C5F /* Assets.xcassets in Resources */,
				0FF19C1F1BBA7DB800B96C5F /* Main.storyboard in Resources */,
				0FDFE7091BC18F05009D2EBD /* InfoWindow.xib in Resources */,
			);
			runOnlyForDeploymentPostprocessing = 0;
		};
		0FF19C281BBA7DB800B96C5F /* Resources */ = {
			isa = PBXResourcesBuildPhase;
			buildActionMask = 2147483647;
			files = (
			);
			runOnlyForDeploymentPostprocessing = 0;
		};
		0FF19C331BBA7DB800B96C5F /* Resources */ = {
			isa = PBXResourcesBuildPhase;
			buildActionMask = 2147483647;
			files = (
			);
			runOnlyForDeploymentPostprocessing = 0;
		};
/* End PBXResourcesBuildPhase section */

/* Begin PBXShellScriptBuildPhase section */
		24D7E5D69968A00575EA9CBD /* Check Pods Manifest.lock */ = {
			isa = PBXShellScriptBuildPhase;
			buildActionMask = 2147483647;
			files = (
			);
			inputPaths = (
			);
			name = "Check Pods Manifest.lock";
			outputPaths = (
			);
			runOnlyForDeploymentPostprocessing = 0;
			shellPath = /bin/sh;
			shellScript = "diff \"${PODS_ROOT}/../Podfile.lock\" \"${PODS_ROOT}/Manifest.lock\" > /dev/null\nif [[ $? != 0 ]] ; then\n    cat << EOM\nerror: The sandbox is not in sync with the Podfile.lock. Run 'pod install' or update your CocoaPods installation.\nEOM\n    exit 1\nfi\n";
			showEnvVarsInLog = 0;
		};
		56AABBF9680C19B67843AB0B /* Embed Pods Frameworks */ = {
			isa = PBXShellScriptBuildPhase;
			buildActionMask = 2147483647;
			files = (
			);
			inputPaths = (
			);
			name = "Embed Pods Frameworks";
			outputPaths = (
			);
			runOnlyForDeploymentPostprocessing = 0;
			shellPath = /bin/sh;
			shellScript = "\"${SRCROOT}/Pods/Target Support Files/Pods-ArtMap/Pods-ArtMap-frameworks.sh\"\n";
			showEnvVarsInLog = 0;
		};
		CB4AB01C74DA103C5920B138 /* Copy Pods Resources */ = {
			isa = PBXShellScriptBuildPhase;
			buildActionMask = 2147483647;
			files = (
			);
			inputPaths = (
			);
			name = "Copy Pods Resources";
			outputPaths = (
			);
			runOnlyForDeploymentPostprocessing = 0;
			shellPath = /bin/sh;
			shellScript = "\"${SRCROOT}/Pods/Target Support Files/Pods-ArtMap/Pods-ArtMap-resources.sh\"\n";
			showEnvVarsInLog = 0;
		};
/* End PBXShellScriptBuildPhase section */

/* Begin PBXSourcesBuildPhase section */
		0FF19C121BBA7DB800B96C5F /* Sources */ = {
			isa = PBXSourcesBuildPhase;
			buildActionMask = 2147483647;
			files = (
				0FCB30791C7248740002E1FF /* ArtistProfileController.swift in Sources */,
				0F51B89B1BCE5BCA009E0BA1 /* LoginViewController.swift in Sources */,
				0FDFE7071BC18EB8009D2EBD /* CustomInfoWindow.swift in Sources */,
				0FF19C1C1BBA7DB800B96C5F /* ViewController.swift in Sources */,
				0FC78FD21C78CA3A00927425 /* TourTableCell.swift in Sources */,
				0F1527D71BC90A6D003F665B /* FormArtController.swift in Sources */,
				0F23A1241BD68FD700CD7435 /* UserController.swift in Sources */,
				0FF19C1A1BBA7DB800B96C5F /* AppDelegate.swift in Sources */,
				0FD541E71BC2BF4E0084546E /* ArtInfoView.swift in Sources */,
				0FF19C4C1BBA7F2000B96C5F /* Art.swift in Sources */,
				0F5326A51C0076E900508A7A /* PrivacyController.swift in Sources */,
				0FCB307B1C7249460002E1FF /* TourTabController.swift in Sources */,
				0F3736BB1BE12C3D009A1CBB /* AlertLauncher.swift in Sources */,
				0F3736B91BDE3863009A1CBB /* ReportViewController.swift in Sources */,
				0FC78FC91C78B03A00927425 /* ReportArtistController.swift in Sources */,
				0FF2FFFF1C7485B10002AB93 /* TourIndicationController.swift in Sources */,
				0FF19C4A1BBA7F1000B96C5F /* UserInfoController.swift in Sources */,
				0FC6E3A41C73569C005841EC /* DirectionManager.swift in Sources */,
				0F23A1221BD6435200CD7435 /* Interactor.swift in Sources */,
				0F58495C1BCD4C7E00BAA982 /* User.swift in Sources */,
				0F1AC84A1C74A358007ECC1E /* Route.swift in Sources */,
				0F67F5A71C7357EB00956AFF /* Step.swift in Sources */,
				0FCB307F1C7253540002E1FF /* MapManager.swift in Sources */,
				0FA4FB551BF889FD00BAFCEF /* AddArtInfoView.swift in Sources */,
				0FF19C481BBA7EFA00B96C5F /* AddArtController.swift in Sources */,
				0FC78FC71C789E0B00927425 /* IndicatorView.swift in Sources */,
				0FCB30771C7248070002E1FF /* AddTourController.swift in Sources */,
				0FDFE7051BC174B5009D2EBD /* MarkerController.swift in Sources */,
				0F67F5A91C735A3E00956AFF /* Tour.swift in Sources */,
				0FC78FC51C75DCE800927425 /* TourRecord.swift in Sources */,
				0FD541E51BC2B68D0084546E /* Marker.swift in Sources */,
			);
			runOnlyForDeploymentPostprocessing = 0;
		};
		0FF19C261BBA7DB800B96C5F /* Sources */ = {
			isa = PBXSourcesBuildPhase;
			buildActionMask = 2147483647;
			files = (
				0FF19C2F1BBA7DB800B96C5F /* ArtMapTests.swift in Sources */,
			);
			runOnlyForDeploymentPostprocessing = 0;
		};
		0FF19C311BBA7DB800B96C5F /* Sources */ = {
			isa = PBXSourcesBuildPhase;
			buildActionMask = 2147483647;
			files = (
				0FF19C3A1BBA7DB800B96C5F /* ArtMapUITests.swift in Sources */,
			);
			runOnlyForDeploymentPostprocessing = 0;
		};
/* End PBXSourcesBuildPhase section */

/* Begin PBXTargetDependency section */
		0FF19C2C1BBA7DB800B96C5F /* PBXTargetDependency */ = {
			isa = PBXTargetDependency;
			target = 0FF19C151BBA7DB800B96C5F /* ArtMap */;
			targetProxy = 0FF19C2B1BBA7DB800B96C5F /* PBXContainerItemProxy */;
		};
		0FF19C371BBA7DB800B96C5F /* PBXTargetDependency */ = {
			isa = PBXTargetDependency;
			target = 0FF19C151BBA7DB800B96C5F /* ArtMap */;
			targetProxy = 0FF19C361BBA7DB800B96C5F /* PBXContainerItemProxy */;
		};
/* End PBXTargetDependency section */

/* Begin PBXVariantGroup section */
		0FF19C1D1BBA7DB800B96C5F /* Main.storyboard */ = {
			isa = PBXVariantGroup;
			children = (
				0FF19C1E1BBA7DB800B96C5F /* Base */,
			);
			name = Main.storyboard;
			sourceTree = "<group>";
		};
		0FF19C221BBA7DB800B96C5F /* LaunchScreen.storyboard */ = {
			isa = PBXVariantGroup;
			children = (
				0FF19C231BBA7DB800B96C5F /* Base */,
			);
			name = LaunchScreen.storyboard;
			sourceTree = "<group>";
		};
/* End PBXVariantGroup section */

/* Begin XCBuildConfiguration section */
		0FF19C3C1BBA7DB800B96C5F /* Debug */ = {
			isa = XCBuildConfiguration;
			buildSettings = {
				ALWAYS_SEARCH_USER_PATHS = NO;
				CLANG_CXX_LANGUAGE_STANDARD = "gnu++0x";
				CLANG_CXX_LIBRARY = "libc++";
				CLANG_ENABLE_MODULES = YES;
				CLANG_ENABLE_OBJC_ARC = YES;
				CLANG_WARN_BOOL_CONVERSION = YES;
				CLANG_WARN_CONSTANT_CONVERSION = YES;
				CLANG_WARN_DIRECT_OBJC_ISA_USAGE = YES_ERROR;
				CLANG_WARN_EMPTY_BODY = YES;
				CLANG_WARN_ENUM_CONVERSION = YES;
				CLANG_WARN_INT_CONVERSION = YES;
				CLANG_WARN_OBJC_ROOT_CLASS = YES_ERROR;
				CLANG_WARN_UNREACHABLE_CODE = YES;
				CLANG_WARN__DUPLICATE_METHOD_MATCH = YES;
				"CODE_SIGN_IDENTITY[sdk=iphoneos*]" = "iPhone Developer";
				COPY_PHASE_STRIP = NO;
				DEBUG_INFORMATION_FORMAT = dwarf;
				ENABLE_STRICT_OBJC_MSGSEND = YES;
				ENABLE_TESTABILITY = YES;
				FRAMEWORK_SEARCH_PATHS = .;
				GCC_C_LANGUAGE_STANDARD = gnu99;
				GCC_DYNAMIC_NO_PIC = NO;
				GCC_NO_COMMON_BLOCKS = YES;
				GCC_OPTIMIZATION_LEVEL = 0;
				GCC_PREPROCESSOR_DEFINITIONS = (
					"DEBUG=1",
					"$(inherited)",
				);
				GCC_WARN_64_TO_32_BIT_CONVERSION = YES;
				GCC_WARN_ABOUT_RETURN_TYPE = YES_ERROR;
				GCC_WARN_UNDECLARED_SELECTOR = YES;
				GCC_WARN_UNINITIALIZED_AUTOS = YES_AGGRESSIVE;
				GCC_WARN_UNUSED_FUNCTION = YES;
				GCC_WARN_UNUSED_VARIABLE = YES;
				IPHONEOS_DEPLOYMENT_TARGET = 9.2;
				MTL_ENABLE_DEBUG_INFO = YES;
				ONLY_ACTIVE_ARCH = YES;
				SDKROOT = iphoneos;
				SWIFT_OBJC_BRIDGING_HEADER = "";
				SWIFT_OPTIMIZATION_LEVEL = "-Onone";
				TARGETED_DEVICE_FAMILY = "1,2";
			};
			name = Debug;
		};
		0FF19C3D1BBA7DB800B96C5F /* Release */ = {
			isa = XCBuildConfiguration;
			buildSettings = {
				ALWAYS_SEARCH_USER_PATHS = NO;
				CLANG_CXX_LANGUAGE_STANDARD = "gnu++0x";
				CLANG_CXX_LIBRARY = "libc++";
				CLANG_ENABLE_MODULES = YES;
				CLANG_ENABLE_OBJC_ARC = YES;
				CLANG_WARN_BOOL_CONVERSION = YES;
				CLANG_WARN_CONSTANT_CONVERSION = YES;
				CLANG_WARN_DIRECT_OBJC_ISA_USAGE = YES_ERROR;
				CLANG_WARN_EMPTY_BODY = YES;
				CLANG_WARN_ENUM_CONVERSION = YES;
				CLANG_WARN_INT_CONVERSION = YES;
				CLANG_WARN_OBJC_ROOT_CLASS = YES_ERROR;
				CLANG_WARN_UNREACHABLE_CODE = YES;
				CLANG_WARN__DUPLICATE_METHOD_MATCH = YES;
				"CODE_SIGN_IDENTITY[sdk=iphoneos*]" = "iPhone Developer";
				COPY_PHASE_STRIP = NO;
				DEBUG_INFORMATION_FORMAT = "dwarf-with-dsym";
				ENABLE_NS_ASSERTIONS = NO;
				ENABLE_STRICT_OBJC_MSGSEND = YES;
				FRAMEWORK_SEARCH_PATHS = .;
				GCC_C_LANGUAGE_STANDARD = gnu99;
				GCC_NO_COMMON_BLOCKS = YES;
				GCC_WARN_64_TO_32_BIT_CONVERSION = YES;
				GCC_WARN_ABOUT_RETURN_TYPE = YES_ERROR;
				GCC_WARN_UNDECLARED_SELECTOR = YES;
				GCC_WARN_UNINITIALIZED_AUTOS = YES_AGGRESSIVE;
				GCC_WARN_UNUSED_FUNCTION = YES;
				GCC_WARN_UNUSED_VARIABLE = YES;
				IPHONEOS_DEPLOYMENT_TARGET = 9.2;
				MTL_ENABLE_DEBUG_INFO = NO;
				SDKROOT = iphoneos;
				SWIFT_OBJC_BRIDGING_HEADER = "";
				TARGETED_DEVICE_FAMILY = "1,2";
				VALIDATE_PRODUCT = YES;
			};
			name = Release;
		};
		0FF19C3F1BBA7DB800B96C5F /* Debug */ = {
			isa = XCBuildConfiguration;
			baseConfigurationReference = 0428BF98C3DD5EB1288B7035 /* Pods-ArtMap.debug.xcconfig */;
			buildSettings = {
				ASSETCATALOG_COMPILER_APPICON_NAME = AppIcon;
				CLANG_ENABLE_MODULES = YES;
				CODE_SIGN_IDENTITY = "iPhone Developer";
				"CODE_SIGN_IDENTITY[sdk=iphoneos*]" = "iPhone Developer";
				ENABLE_BITCODE = NO;
				FRAMEWORK_SEARCH_PATHS = (
					"$(inherited)",
					"$(PROJECT_DIR)",
					"$(PROJECT_DIR)/FacebookSDKs-iOS-20151007",
					"$(PROJECT_DIR)/build/Debug-iphoneos",
				);
				INFOPLIST_FILE = ArtMap/Info.plist;
				IPHONEOS_DEPLOYMENT_TARGET = 9.2;
				LD_RUNPATH_SEARCH_PATHS = "$(inherited) @executable_path/Frameworks";
				OTHER_LDFLAGS = (
					"$(inherited)",
					"-l\"c++\"",
					"-l\"icucore\"",
					"-l\"z\"",
					"-framework",
					"\"AVFoundation\"",
					"-framework",
					"\"Accelerate\"",
					"-framework",
					"\"CoreBluetooth\"",
					"-framework",
					"\"CoreData\"",
					"-framework",
					"\"CoreGraphics\"",
					"-framework",
					"\"CoreLocation\"",
					"-framework",
					"\"CoreText\"",
					"-framework",
					"\"GLKit\"",
					"-framework",
					"\"GoogleMaps\"",
					"-framework",
					"\"ImageIO\"",
					"-framework",
					"\"OpenGLES\"",
					"-framework",
					"\"QuartzCore\"",
					"-framework",
					"\"Security\"",
					"-framework",
					"\"SwiftyJSON\"",
					"-framework",
					"\"SystemConfiguration\"",
					"-ObjC",
				);
				PRODUCT_BUNDLE_IDENTIFIER = it.labinfo.ArtMap;
				PRODUCT_NAME = "$(TARGET_NAME)";
				PROVISIONING_PROFILE = "";
				SWIFT_OBJC_BRIDGING_HEADER = "ArtMap/ArtMap-Bridging-Header.h";
				SWIFT_OPTIMIZATION_LEVEL = "-Onone";
			};
			name = Debug;
		};
		0FF19C401BBA7DB800B96C5F /* Release */ = {
			isa = XCBuildConfiguration;
			baseConfigurationReference = 812F30186C5601B275DA8949 /* Pods-ArtMap.release.xcconfig */;
			buildSettings = {
				ASSETCATALOG_COMPILER_APPICON_NAME = AppIcon;
				CLANG_ENABLE_MODULES = YES;
				CODE_SIGN_IDENTITY = "iPhone Developer";
				"CODE_SIGN_IDENTITY[sdk=iphoneos*]" = "iPhone Developer";
				ENABLE_BITCODE = NO;
				FRAMEWORK_SEARCH_PATHS = (
					"$(inherited)",
					"$(PROJECT_DIR)",
					"$(PROJECT_DIR)/FacebookSDKs-iOS-20151007",
					"$(PROJECT_DIR)/build/Debug-iphoneos",
				);
				INFOPLIST_FILE = ArtMap/Info.plist;
				IPHONEOS_DEPLOYMENT_TARGET = 9.2;
				LD_RUNPATH_SEARCH_PATHS = "$(inherited) @executable_path/Frameworks";
				OTHER_LDFLAGS = (
					"$(inherited)",
					"-l\"c++\"",
					"-l\"icucore\"",
					"-l\"z\"",
					"-framework",
					"\"AVFoundation\"",
					"-framework",
					"\"Accelerate\"",
					"-framework",
					"\"CoreBluetooth\"",
					"-framework",
					"\"CoreData\"",
					"-framework",
					"\"CoreGraphics\"",
					"-framework",
					"\"CoreLocation\"",
					"-framework",
					"\"CoreText\"",
					"-framework",
					"\"GLKit\"",
					"-framework",
					"\"GoogleMaps\"",
					"-framework",
					"\"ImageIO\"",
					"-framework",
					"\"OpenGLES\"",
					"-framework",
					"\"QuartzCore\"",
					"-framework",
					"\"Security\"",
					"-framework",
					"\"SwiftyJSON\"",
					"-framework",
					"\"SystemConfiguration\"",
					"-ObjC",
				);
				PRODUCT_BUNDLE_IDENTIFIER = it.labinfo.ArtMap;
				PRODUCT_NAME = "$(TARGET_NAME)";
				PROVISIONING_PROFILE = "";
				SWIFT_OBJC_BRIDGING_HEADER = "ArtMap/ArtMap-Bridging-Header.h";
			};
			name = Release;
		};
		0FF19C421BBA7DB800B96C5F /* Debug */ = {
			isa = XCBuildConfiguration;
			buildSettings = {
				BUNDLE_LOADER = "$(TEST_HOST)";
				INFOPLIST_FILE = ArtMapTests/Info.plist;
				LD_RUNPATH_SEARCH_PATHS = "$(inherited) @executable_path/Frameworks @loader_path/Frameworks";
				PRODUCT_BUNDLE_IDENTIFIER = it.labinfo.ArtMapTests;
				PRODUCT_NAME = "$(TARGET_NAME)";
				TEST_HOST = "$(BUILT_PRODUCTS_DIR)/ArtMap.app/ArtMap";
			};
			name = Debug;
		};
		0FF19C431BBA7DB800B96C5F /* Release */ = {
			isa = XCBuildConfiguration;
			buildSettings = {
				BUNDLE_LOADER = "$(TEST_HOST)";
				INFOPLIST_FILE = ArtMapTests/Info.plist;
				LD_RUNPATH_SEARCH_PATHS = "$(inherited) @executable_path/Frameworks @loader_path/Frameworks";
				PRODUCT_BUNDLE_IDENTIFIER = it.labinfo.ArtMapTests;
				PRODUCT_NAME = "$(TARGET_NAME)";
				TEST_HOST = "$(BUILT_PRODUCTS_DIR)/ArtMap.app/ArtMap";
			};
			name = Release;
		};
		0FF19C451BBA7DB800B96C5F /* Debug */ = {
			isa = XCBuildConfiguration;
			buildSettings = {
				INFOPLIST_FILE = ArtMapUITests/Info.plist;
				LD_RUNPATH_SEARCH_PATHS = "$(inherited) @executable_path/Frameworks @loader_path/Frameworks";
				PRODUCT_BUNDLE_IDENTIFIER = it.labinfo.ArtMapUITests;
				PRODUCT_NAME = "$(TARGET_NAME)";
				TEST_TARGET_NAME = ArtMap;
				USES_XCTRUNNER = YES;
			};
			name = Debug;
		};
		0FF19C461BBA7DB800B96C5F /* Release */ = {
			isa = XCBuildConfiguration;
			buildSettings = {
				INFOPLIST_FILE = ArtMapUITests/Info.plist;
				LD_RUNPATH_SEARCH_PATHS = "$(inherited) @executable_path/Frameworks @loader_path/Frameworks";
				PRODUCT_BUNDLE_IDENTIFIER = it.labinfo.ArtMapUITests;
				PRODUCT_NAME = "$(TARGET_NAME)";
				TEST_TARGET_NAME = ArtMap;
				USES_XCTRUNNER = YES;
			};
			name = Release;
		};
/* End XCBuildConfiguration section */

/* Begin XCConfigurationList section */
		0FF19C111BBA7DB800B96C5F /* Build configuration list for PBXProject "ArtMap" */ = {
			isa = XCConfigurationList;
			buildConfigurations = (
				0FF19C3C1BBA7DB800B96C5F /* Debug */,
				0FF19C3D1BBA7DB800B96C5F /* Release */,
			);
			defaultConfigurationIsVisible = 0;
			defaultConfigurationName = Release;
		};
		0FF19C3E1BBA7DB800B96C5F /* Build configuration list for PBXNativeTarget "ArtMap" */ = {
			isa = XCConfigurationList;
			buildConfigurations = (
				0FF19C3F1BBA7DB800B96C5F /* Debug */,
				0FF19C401BBA7DB800B96C5F /* Release */,
			);
			defaultConfigurationIsVisible = 0;
			defaultConfigurationName = Release;
		};
		0FF19C411BBA7DB800B96C5F /* Build configuration list for PBXNativeTarget "ArtMapTests" */ = {
			isa = XCConfigurationList;
			buildConfigurations = (
				0FF19C421BBA7DB800B96C5F /* Debug */,
				0FF19C431BBA7DB800B96C5F /* Release */,
			);
			defaultConfigurationIsVisible = 0;
			defaultConfigurationName = Release;
		};
		0FF19C441BBA7DB800B96C5F /* Build configuration list for PBXNativeTarget "ArtMapUITests" */ = {
			isa = XCConfigurationList;
			buildConfigurations = (
				0FF19C451BBA7DB800B96C5F /* Debug */,
				0FF19C461BBA7DB800B96C5F /* Release */,
			);
			defaultConfigurationIsVisible = 0;
			defaultConfigurationName = Release;
		};
/* End XCConfigurationList section */
	};
	rootObject = 0FF19C0E1BBA7DB800B96C5F /* Project object */;
}
